
Microsoft Visual Studio Solution File, Format Version 12.00
# Visual Studio Version 17
VisualStudioVersion = 17.5.002.0
MinimumVisualStudioVersion = 10.0.40219.1
Project("{9A19103F-16F7-4668-BE54-9A1E7A4F7556}") = "ClienteAPI", "ClienteAPI.csproj", "{35D87291-5F9B-426F-9502-DCF74C2DCAD3}"
EndProject
Global
	GlobalSection(SolutionConfigurationPlatforms) = preSolution
		Debug|Any CPU = Debug|Any CPU
		Release|Any CPU = Release|Any CPU
	EndGlobalSection
	GlobalSection(ProjectConfigurationPlatforms) = postSolution
		{35D87291-5F9B-426F-9502-DCF74C2DCAD3}.Debug|Any CPU.ActiveCfg = Debug|Any CPU
		{35D87291-5F9B-426F-9502-DCF74C2DCAD3}.Debug|Any CPU.Build.0 = Debug|Any CPU
		{35D87291-5F9B-426F-9502-DCF74C2DCAD3}.Release|Any CPU.ActiveCfg = Release|Any CPU
		{35D87291-5F9B-426F-9502-DCF74C2DCAD3}.Release|Any CPU.Build.0 = Release|Any CPU
	EndGlobalSection
	GlobalSection(SolutionProperties) = preSolution
		HideSolutionNode = FALSE
	EndGlobalSection
	GlobalSection(ExtensibilityGlobals) = postSolution
		SolutionGuid = {CCCC5632-BE78-408D-A7B6-4A1ED5EB6D6A}
	EndGlobalSection
EndGlobal
